
Microsoft Visual Studio Solution File, Format Version 12.00
# Visual Studio Version 16
VisualStudioVersion = 16.0.28729.10
MinimumVisualStudioVersion = 10.0.40219.1
Project("{9A19103F-16F7-4668-BE54-9A1E7A4F7556}") = "MicroCoin", "MicroCoin\MicroCoin.csproj", "{92162859-5D93-4627-A3D2-532D984B9E6C}"
EndProject
Project("{9A19103F-16F7-4668-BE54-9A1E7A4F7556}") = "LiteDB", "LiteDB\LiteDB\LiteDB.csproj", "{F1CFD099-7C67-439B-A6EC-8638D9A5CD55}"
EndProject
Project("{9A19103F-16F7-4668-BE54-9A1E7A4F7556}") = "MicroCoin.Common", "MicroCoin.Common\MicroCoin.Common.csproj", "{7987B98F-DC3A-47CB-93D5-B5C7957714C5}"
EndProject
Project("{9A19103F-16F7-4668-BE54-9A1E7A4F7556}") = "MicroCoin.Console", "MicroCoin.Console\MicroCoin.Console.csproj", "{32114719-D1FC-4B7C-B464-501DEE4F6BB7}"
EndProject
Project("{9A19103F-16F7-4668-BE54-9A1E7A4F7556}") = "MicroCoin.LiteDb", "MicroCoin.LiteDb\MicroCoin.LiteDb.csproj", "{48762162-6257-45E2-A474-8164564FFDF2}"
EndProject
Project("{9A19103F-16F7-4668-BE54-9A1E7A4F7556}") = "MicroCoin.TCP", "MicroCoin.TCP\MicroCoin.TCP.csproj", "{970BDDFC-8CD3-4F04-91D1-6CE6B061F455}"
EndProject
Project("{9A19103F-16F7-4668-BE54-9A1E7A4F7556}") = "MicroCoin.Wallet", "MicroCoin.Wallet\MicroCoin.Wallet.csproj", "{05F3A8D7-EFC3-40B0-ADB9-E70817A2C33A}"
EndProject
Project("{9A19103F-16F7-4668-BE54-9A1E7A4F7556}") = "MicroCoin.SQLite", "MicroCoin.SQLite\MicroCoin.SQLite.csproj", "{993AC31E-6101-4D31-A6CF-C6C7137F4090}"
EndProject
Global
	GlobalSection(SolutionConfigurationPlatforms) = preSolution
		Debug|Any CPU = Debug|Any CPU
		Debug|x64 = Debug|x64
		Release|Any CPU = Release|Any CPU
		Release|x64 = Release|x64
	EndGlobalSection
	GlobalSection(ProjectConfigurationPlatforms) = postSolution
		{92162859-5D93-4627-A3D2-532D984B9E6C}.Debug|Any CPU.ActiveCfg = Debug|Any CPU
		{92162859-5D93-4627-A3D2-532D984B9E6C}.Debug|Any CPU.Build.0 = Debug|Any CPU
		{92162859-5D93-4627-A3D2-532D984B9E6C}.Debug|x64.ActiveCfg = Debug|x64
		{92162859-5D93-4627-A3D2-532D984B9E6C}.Debug|x64.Build.0 = Debug|x64
		{92162859-5D93-4627-A3D2-532D984B9E6C}.Release|Any CPU.ActiveCfg = Release - x64|Any CPU
		{92162859-5D93-4627-A3D2-532D984B9E6C}.Release|Any CPU.Build.0 = Release - x64|Any CPU
		{92162859-5D93-4627-A3D2-532D984B9E6C}.Release|x64.ActiveCfg = Release|x64
		{92162859-5D93-4627-A3D2-532D984B9E6C}.Release|x64.Build.0 = Release|x64
		{F1CFD099-7C67-439B-A6EC-8638D9A5CD55}.Debug|Any CPU.ActiveCfg = Debug|Any CPU
		{F1CFD099-7C67-439B-A6EC-8638D9A5CD55}.Debug|Any CPU.Build.0 = Debug|Any CPU
		{F1CFD099-7C67-439B-A6EC-8638D9A5CD55}.Debug|x64.ActiveCfg = Debug|Any CPU
		{F1CFD099-7C67-439B-A6EC-8638D9A5CD55}.Debug|x64.Build.0 = Debug|Any CPU
		{F1CFD099-7C67-439B-A6EC-8638D9A5CD55}.Release|Any CPU.ActiveCfg = Release|Any CPU
		{F1CFD099-7C67-439B-A6EC-8638D9A5CD55}.Release|Any CPU.Build.0 = Release|Any CPU
		{F1CFD099-7C67-439B-A6EC-8638D9A5CD55}.Release|x64.ActiveCfg = Release|Any CPU
		{F1CFD099-7C67-439B-A6EC-8638D9A5CD55}.Release|x64.Build.0 = Release|Any CPU
		{7987B98F-DC3A-47CB-93D5-B5C7957714C5}.Debug|Any CPU.ActiveCfg = Debug|Any CPU
		{7987B98F-DC3A-47CB-93D5-B5C7957714C5}.Debug|Any CPU.Build.0 = Debug|Any CPU
		{7987B98F-DC3A-47CB-93D5-B5C7957714C5}.Debug|x64.ActiveCfg = Debug|Any CPU
		{7987B98F-DC3A-47CB-93D5-B5C7957714C5}.Debug|x64.Build.0 = Debug|Any CPU
		{7987B98F-DC3A-47CB-93D5-B5C7957714C5}.Release|Any CPU.ActiveCfg = Release|Any CPU
		{7987B98F-DC3A-47CB-93D5-B5C7957714C5}.Release|Any CPU.Build.0 = Release|Any CPU
		{7987B98F-DC3A-47CB-93D5-B5C7957714C5}.Release|x64.ActiveCfg = Release|Any CPU
		{7987B98F-DC3A-47CB-93D5-B5C7957714C5}.Release|x64.Build.0 = Release|Any CPU
		{32114719-D1FC-4B7C-B464-501DEE4F6BB7}.Debug|Any CPU.ActiveCfg = Debug|Any CPU
		{32114719-D1FC-4B7C-B464-501DEE4F6BB7}.Debug|Any CPU.Build.0 = Debug|Any CPU
		{32114719-D1FC-4B7C-B464-501DEE4F6BB7}.Debug|x64.ActiveCfg = Debug|Any CPU
		{32114719-D1FC-4B7C-B464-501DEE4F6BB7}.Debug|x64.Build.0 = Debug|Any CPU
		{32114719-D1FC-4B7C-B464-501DEE4F6BB7}.Release|Any CPU.ActiveCfg = Release|Any CPU
		{32114719-D1FC-4B7C-B464-501DEE4F6BB7}.Release|Any CPU.Build.0 = Release|Any CPU
		{32114719-D1FC-4B7C-B464-501DEE4F6BB7}.Release|x64.ActiveCfg = Release|Any CPU
		{32114719-D1FC-4B7C-B464-501DEE4F6BB7}.Release|x64.Build.0 = Release|Any CPU
		{48762162-6257-45E2-A474-8164564FFDF2}.Debug|Any CPU.ActiveCfg = Debug|Any CPU
		{48762162-6257-45E2-A474-8164564FFDF2}.Debug|Any CPU.Build.0 = Debug|Any CPU
		{48762162-6257-45E2-A474-8164564FFDF2}.Debug|x64.ActiveCfg = Debug|Any CPU
		{48762162-6257-45E2-A474-8164564FFDF2}.Debug|x64.Build.0 = Debug|Any CPU
		{48762162-6257-45E2-A474-8164564FFDF2}.Release|Any CPU.ActiveCfg = Release|Any CPU
		{48762162-6257-45E2-A474-8164564FFDF2}.Release|Any CPU.Build.0 = Release|Any CPU
		{48762162-6257-45E2-A474-8164564FFDF2}.Release|x64.ActiveCfg = Release|Any CPU
		{48762162-6257-45E2-A474-8164564FFDF2}.Release|x64.Build.0 = Release|Any CPU
		{970BDDFC-8CD3-4F04-91D1-6CE6B061F455}.Debug|Any CPU.ActiveCfg = Debug|Any CPU
		{970BDDFC-8CD3-4F04-91D1-6CE6B061F455}.Debug|Any CPU.Build.0 = Debug|Any CPU
		{970BDDFC-8CD3-4F04-91D1-6CE6B061F455}.Debug|x64.ActiveCfg = Debug|Any CPU
		{970BDDFC-8CD3-4F04-91D1-6CE6B061F455}.Debug|x64.Build.0 = Debug|Any CPU
		{970BDDFC-8CD3-4F04-91D1-6CE6B061F455}.Release|Any CPU.ActiveCfg = Release|Any CPU
		{970BDDFC-8CD3-4F04-91D1-6CE6B061F455}.Release|Any CPU.Build.0 = Release|Any CPU
		{970BDDFC-8CD3-4F04-91D1-6CE6B061F455}.Release|x64.ActiveCfg = Release|Any CPU
		{970BDDFC-8CD3-4F04-91D1-6CE6B061F455}.Release|x64.Build.0 = Release|Any CPU
		{05F3A8D7-EFC3-40B0-ADB9-E70817A2C33A}.Debug|Any CPU.ActiveCfg = Debug|Any CPU
		{05F3A8D7-EFC3-40B0-ADB9-E70817A2C33A}.Debug|Any CPU.Build.0 = Debug|Any CPU
		{05F3A8D7-EFC3-40B0-ADB9-E70817A2C33A}.Debug|x64.ActiveCfg = Debug|Any CPU
		{05F3A8D7-EFC3-40B0-ADB9-E70817A2C33A}.Debug|x64.Build.0 = Debug|Any CPU
		{05F3A8D7-EFC3-40B0-ADB9-E70817A2C33A}.Release|Any CPU.ActiveCfg = Release|Any CPU
		{05F3A8D7-EFC3-40B0-ADB9-E70817A2C33A}.Release|Any CPU.Build.0 = Release|Any CPU
		{05F3A8D7-EFC3-40B0-ADB9-E70817A2C33A}.Release|x64.ActiveCfg = Release|Any CPU
		{05F3A8D7-EFC3-40B0-ADB9-E70817A2C33A}.Release|x64.Build.0 = Release|Any CPU
		{993AC31E-6101-4D31-A6CF-C6C7137F4090}.Debug|Any CPU.ActiveCfg = Debug|Any CPU
		{993AC31E-6101-4D31-A6CF-C6C7137F4090}.Debug|Any CPU.Build.0 = Debug|Any CPU
		{993AC31E-6101-4D31-A6CF-C6C7137F4090}.Debug|x64.ActiveCfg = Debug|Any CPU
		{993AC31E-6101-4D31-A6CF-C6C7137F4090}.Debug|x64.Build.0 = Debug|Any CPU
		{993AC31E-6101-4D31-A6CF-C6C7137F4090}.Release|Any CPU.ActiveCfg = Release|Any CPU
		{993AC31E-6101-4D31-A6CF-C6C7137F4090}.Release|Any CPU.Build.0 = Release|Any CPU
		{993AC31E-6101-4D31-A6CF-C6C7137F4090}.Release|x64.ActiveCfg = Release|Any CPU
		{993AC31E-6101-4D31-A6CF-C6C7137F4090}.Release|x64.Build.0 = Release|Any CPU
	EndGlobalSection
	GlobalSection(SolutionProperties) = preSolution
		HideSolutionNode = FALSE
	EndGlobalSection
	GlobalSection(ExtensibilityGlobals) = postSolution
		SolutionGuid = {7A8D95EF-D084-418D-90C4-A6F4286DA03C}
	EndGlobalSection
EndGlobal
